
Microsoft Visual Studio Solution File, Format Version 12.00
# Visual Studio Version 17
VisualStudioVersion = 17.14.36518.9 d17.14
MinimumVisualStudioVersion = 10.0.40219.1
Project("{FAE04EC0-301F-11D3-BF4B-00C04F79EFBC}") = "Flappy Bird", "Flappy Bird\Flappy Bird.csproj", "{59830CF0-050B-4EDB-A429-797D485B5472}"
EndProject
Global
	GlobalSection(SolutionConfigurationPlatforms) = preSolution
		Debug|Any CPU = Debug|Any CPU
		Release|Any CPU = Release|Any CPU
	EndGlobalSection
	GlobalSection(ProjectConfigurationPlatforms) = postSolution
		{59830CF0-050B-4EDB-A429-797D485B5472}.Debug|Any CPU.ActiveCfg = Debug|Any CPU
		{59830CF0-050B-4EDB-A429-797D485B5472}.Debug|Any CPU.Build.0 = Debug|Any CPU
		{59830CF0-050B-4EDB-A429-797D485B5472}.Release|Any CPU.ActiveCfg = Release|Any CPU
		{59830CF0-050B-4EDB-A429-797D485B5472}.Release|Any CPU.Build.0 = Release|Any CPU
	EndGlobalSection
	GlobalSection(SolutionProperties) = preSolution
		HideSolutionNode = FALSE
	EndGlobalSection
	GlobalSection(ExtensibilityGlobals) = postSolution
		SolutionGuid = {88366C61-CBF1-4266-BC50-0CA0265FA122}
	EndGlobalSection
EndGlobal
